
Microsoft Visual Studio Solution File, Format Version 11.00
# Visual Studio 2010
Project("{F184B08F-C81C-45F6-A57F-5ABD9991F28F}") = "testTimer", "testTimer\testTimer.vbproj", "{062CF127-6BDA-4A22-9BEB-97261E40EDDA}"
EndProject
Global
	GlobalSection(SolutionConfigurationPlatforms) = preSolution
		Debug|x86 = Debug|x86
		Release|x86 = Release|x86
	EndGlobalSection
	GlobalSection(ProjectConfigurationPlatforms) = postSolution
		{062CF127-6BDA-4A22-9BEB-97261E40EDDA}.Debug|x86.ActiveCfg = Debug|x86
		{062CF127-6BDA-4A22-9BEB-97261E40EDDA}.Debug|x86.Build.0 = Debug|x86
		{062CF127-6BDA-4A22-9BEB-97261E40EDDA}.Release|x86.ActiveCfg = Release|x86
		{062CF127-6BDA-4A22-9BEB-97261E40EDDA}.Release|x86.Build.0 = Release|x86
	EndGlobalSection
	GlobalSection(SolutionProperties) = preSolution
		HideSolutionNode = FALSE
	EndGlobalSection
EndGlobal
